// !$*UTF8*$!
{
	archiveVersion = 1;
	classes = {
	};
	objectVersion = 46;
	objects = {

/* Begin PBXBuildFile section */
		CE0024B21FC663820077AB62 /* endSound.wav in Resources */ = {isa = PBXBuildFile; fileRef = CE0024B11FC663820077AB62 /* endSound.wav */; };
		C507456A1FC1017E00C84B2C /* SKScene+Extensions.swift in Sources */ = {isa = PBXBuildFile; fileRef = C50745691FC1017E00C84B2C /* SKScene+Extensions.swift */; };
		C546B0221FBB86A10042978F /* MenuScene.swift in Sources */ = {isa = PBXBuildFile; fileRef = C546B0211FBB86A10042978F /* MenuScene.swift */; };
		CE02C3561FAC001500CD07F3 /* Button.swift in Sources */ = {isa = PBXBuildFile; fileRef = CE02C3551FAC001500CD07F3 /* Button.swift */; };
		CE4908021FAAB3F2006D3A59 /* GameScene.swift in Sources */ = {isa = PBXBuildFile; fileRef = CE4908011FAAB3F2006D3A59 /* GameScene.swift */; };
		CE6404A91FA895AA00B01022 /* Player.swift in Sources */ = {isa = PBXBuildFile; fileRef = CE6404A81FA895AA00B01022 /* Player.swift */; };
		CE6404AB1FA89D5800B01022 /* PaintScreen.swift in Sources */ = {isa = PBXBuildFile; fileRef = CE6404AA1FA89D5800B01022 /* PaintScreen.swift */; };
		CE6404AD1FA8A0E700B01022 /* Xsos.swift in Sources */ = {isa = PBXBuildFile; fileRef = CE6404AC1FA8A0E700B01022 /* Xsos.swift */; };
		CE6404B01FA8A6B600B01022 /* Classic.swift in Sources */ = {isa = PBXBuildFile; fileRef = CE6404AF1FA8A6B600B01022 /* Classic.swift */; };
		CE7236501FBF21B400D65F49 /* DK Flagellum Dei.otf in Resources */ = {isa = PBXBuildFile; fileRef = CE72364F1FBF21B400D65F49 /* DK Flagellum Dei.otf */; };
		CEA9B6351FB1EE2400A4E391 /* ClassicScene.swift in Sources */ = {isa = PBXBuildFile; fileRef = CEA9B6341FB1EE2400A4E391 /* ClassicScene.swift */; };
		CEB27EB61FA76945004511BD /* AppDelegate.swift in Sources */ = {isa = PBXBuildFile; fileRef = CEB27EB51FA76945004511BD /* AppDelegate.swift */; };
		CEB27EBE1FA76945004511BD /* GameViewController.swift in Sources */ = {isa = PBXBuildFile; fileRef = CEB27EBD1FA76945004511BD /* GameViewController.swift */; };
		CEB27EC11FA76945004511BD /* Main.storyboard in Resources */ = {isa = PBXBuildFile; fileRef = CEB27EBF1FA76945004511BD /* Main.storyboard */; };
		CEB27EC31FA76945004511BD /* Assets.xcassets in Resources */ = {isa = PBXBuildFile; fileRef = CEB27EC21FA76945004511BD /* Assets.xcassets */; };
		CEB27EC61FA76945004511BD /* LaunchScreen.storyboard in Resources */ = {isa = PBXBuildFile; fileRef = CEB27EC41FA76945004511BD /* LaunchScreen.storyboard */; };
		CED3D21B1FC712E300F66C0D /* startSound.wav in Resources */ = {isa = PBXBuildFile; fileRef = CED3D21A1FC712E300F66C0D /* startSound.wav */; };
/* End PBXBuildFile section */

/* Begin PBXFileReference section */
		CE0024B11FC663820077AB62 /* endSound.wav */ = {isa = PBXFileReference; lastKnownFileType = audio.wav; path = endSound.wav; sourceTree = "<group>"; };
		C50745691FC1017E00C84B2C /* SKScene+Extensions.swift */ = {isa = PBXFileReference; lastKnownFileType = sourcecode.swift; path = "SKScene+Extensions.swift"; sourceTree = "<group>"; };
		C546B0211FBB86A10042978F /* MenuScene.swift */ = {isa = PBXFileReference; lastKnownFileType = sourcecode.swift; path = MenuScene.swift; sourceTree = "<group>"; };
		CE02C3551FAC001500CD07F3 /* Button.swift */ = {isa = PBXFileReference; fileEncoding = 4; lastKnownFileType = sourcecode.swift; path = Button.swift; sourceTree = "<group>"; };
		CE4908011FAAB3F2006D3A59 /* GameScene.swift */ = {isa = PBXFileReference; fileEncoding = 4; lastKnownFileType = sourcecode.swift; path = GameScene.swift; sourceTree = "<group>"; };
		CE6404A81FA895AA00B01022 /* Player.swift */ = {isa = PBXFileReference; fileEncoding = 4; lastKnownFileType = sourcecode.swift; path = Player.swift; sourceTree = "<group>"; };
		CE6404AA1FA89D5800B01022 /* PaintScreen.swift */ = {isa = PBXFileReference; fileEncoding = 4; lastKnownFileType = sourcecode.swift; path = PaintScreen.swift; sourceTree = "<group>"; };
		CE6404AC1FA8A0E700B01022 /* Xsos.swift */ = {isa = PBXFileReference; fileEncoding = 4; lastKnownFileType = sourcecode.swift; path = Xsos.swift; sourceTree = "<group>"; };
		CE6404AF1FA8A6B600B01022 /* Classic.swift */ = {isa = PBXFileReference; fileEncoding = 4; lastKnownFileType = sourcecode.swift; path = Classic.swift; sourceTree = "<group>"; };
		CE72364F1FBF21B400D65F49 /* DK Flagellum Dei.otf */ = {isa = PBXFileReference; lastKnownFileType = file; path = "DK Flagellum Dei.otf"; sourceTree = "<group>"; };
		CEA9B6341FB1EE2400A4E391 /* ClassicScene.swift */ = {isa = PBXFileReference; fileEncoding = 4; lastKnownFileType = sourcecode.swift; path = ClassicScene.swift; sourceTree = "<group>"; };
		CEB27EB21FA76945004511BD /* Ink Xsos.app */ = {isa = PBXFileReference; explicitFileType = wrapper.application; includeInIndex = 0; path = "Ink Xsos.app"; sourceTree = BUILT_PRODUCTS_DIR; };
		CEB27EB51FA76945004511BD /* AppDelegate.swift */ = {isa = PBXFileReference; lastKnownFileType = sourcecode.swift; path = AppDelegate.swift; sourceTree = "<group>"; };
		CEB27EBD1FA76945004511BD /* GameViewController.swift */ = {isa = PBXFileReference; lastKnownFileType = sourcecode.swift; path = GameViewController.swift; sourceTree = "<group>"; };
		CEB27EC01FA76945004511BD /* Base */ = {isa = PBXFileReference; lastKnownFileType = file.storyboard; name = Base; path = Base.lproj/Main.storyboard; sourceTree = "<group>"; };
		CEB27EC21FA76945004511BD /* Assets.xcassets */ = {isa = PBXFileReference; lastKnownFileType = folder.assetcatalog; path = Assets.xcassets; sourceTree = "<group>"; };
		CEB27EC51FA76945004511BD /* Base */ = {isa = PBXFileReference; lastKnownFileType = file.storyboard; name = Base; path = Base.lproj/LaunchScreen.storyboard; sourceTree = "<group>"; };
		CEB27EC71FA76945004511BD /* Info.plist */ = {isa = PBXFileReference; lastKnownFileType = text.plist.xml; path = Info.plist; sourceTree = "<group>"; };
		CED3D21A1FC712E300F66C0D /* startSound.wav */ = {isa = PBXFileReference; lastKnownFileType = audio.wav; path = startSound.wav; sourceTree = "<group>"; };
/* End PBXFileReference section */

/* Begin PBXFrameworksBuildPhase section */
		CEB27EAF1FA76945004511BD /* Frameworks */ = {
			isa = PBXFrameworksBuildPhase;
			buildActionMask = 2147483647;
			files = (
			);
			runOnlyForDeploymentPostprocessing = 0;
		};
/* End PBXFrameworksBuildPhase section */

/* Begin PBXGroup section */
		CE0024B01FC6636B0077AB62 /* Sounds */ = {
			isa = PBXGroup;
			children = (
				CED3D21A1FC712E300F66C0D /* startSound.wav */,
				CE0024B11FC663820077AB62 /* endSound.wav */,
			);
			path = Sounds;
			sourceTree = "<group>";
		};
		C50745681FC1016C00C84B2C /* Extensions */ = {
			isa = PBXGroup;
			children = (
				C50745691FC1017E00C84B2C /* SKScene+Extensions.swift */,
			);
			path = Extensions;
			sourceTree = "<group>";
		};
		CE4908001FAAB39A006D3A59 /* Scenes */ = {
			isa = PBXGroup;
			children = (
				CE4908011FAAB3F2006D3A59 /* GameScene.swift */,
				CEA9B6341FB1EE2400A4E391 /* ClassicScene.swift */,
				C546B0211FBB86A10042978F /* MenuScene.swift */,
			);
			name = Scenes;
			sourceTree = "<group>";
		};
		CE6404A71FA8959400B01022 /* Utils */ = {
			isa = PBXGroup;
			children = (
				CE6404A81FA895AA00B01022 /* Player.swift */,
				CE6404AA1FA89D5800B01022 /* PaintScreen.swift */,
				CE6404AC1FA8A0E700B01022 /* Xsos.swift */,
				CE02C3551FAC001500CD07F3 /* Button.swift */,
			);
			name = Utils;
			sourceTree = "<group>";
		};
		CE6404AE1FA8A67D00B01022 /* Controllers */ = {
			isa = PBXGroup;
			children = (
				CE6404AF1FA8A6B600B01022 /* Classic.swift */,
			);
			name = Controllers;
			sourceTree = "<group>";
		};
		CEB27EA91FA76945004511BD = {
			isa = PBXGroup;
			children = (
				CE0024B01FC6636B0077AB62 /* Sounds */,
				C50745681FC1016C00C84B2C /* Extensions */,
				CE4908001FAAB39A006D3A59 /* Scenes */,
				CE6404AE1FA8A67D00B01022 /* Controllers */,
				CE6404A71FA8959400B01022 /* Utils */,
				CEB27EB41FA76945004511BD /* Ink Xsos */,
				CEB27EB31FA76945004511BD /* Products */,
			);
			sourceTree = "<group>";
		};
		CEB27EB31FA76945004511BD /* Products */ = {
			isa = PBXGroup;
			children = (
				CEB27EB21FA76945004511BD /* Ink Xsos.app */,
			);
			name = Products;
			sourceTree = "<group>";
		};
		CEB27EB41FA76945004511BD /* Ink Xsos */ = {
			isa = PBXGroup;
			children = (
				CEB27EB51FA76945004511BD /* AppDelegate.swift */,
				CEB27EBD1FA76945004511BD /* GameViewController.swift */,
				CEB27EBF1FA76945004511BD /* Main.storyboard */,
				CEB27EC21FA76945004511BD /* Assets.xcassets */,
				CEB27EC41FA76945004511BD /* LaunchScreen.storyboard */,
				CE72364F1FBF21B400D65F49 /* DK Flagellum Dei.otf */,
				CEB27EC71FA76945004511BD /* Info.plist */,
			);
			path = "Ink Xsos";
			sourceTree = "<group>";
		};
/* End PBXGroup section */

/* Begin PBXNativeTarget section */
		CEB27EB11FA76945004511BD /* Ink Xsos */ = {
			isa = PBXNativeTarget;
			buildConfigurationList = CEB27ECA1FA76945004511BD /* Build configuration list for PBXNativeTarget "Ink Xsos" */;
			buildPhases = (
				CEB27EAE1FA76945004511BD /* Sources */,
				CEB27EAF1FA76945004511BD /* Frameworks */,
				CEB27EB01FA76945004511BD /* Resources */,
			);
			buildRules = (
			);
			dependencies = (
			);
			name = "Ink Xsos";
			productName = "Ink Xsos";
			productReference = CEB27EB21FA76945004511BD /* Ink Xsos.app */;
			productType = "com.apple.product-type.application";
		};
/* End PBXNativeTarget section */

/* Begin PBXProject section */
		CEB27EAA1FA76945004511BD /* Project object */ = {
			isa = PBXProject;
			attributes = {
				LastSwiftUpdateCheck = 0830;
				LastUpgradeCheck = 0910;
				ORGANIZATIONNAME = "Edvaldo Junior";
				TargetAttributes = {
					CEB27EB11FA76945004511BD = {
						CreatedOnToolsVersion = 8.3.3;
						DevelopmentTeam = XR5ZL635QC;
						LastSwiftMigration = 0910;
						ProvisioningStyle = Automatic;
					};
				};
			};
			buildConfigurationList = CEB27EAD1FA76945004511BD /* Build configuration list for PBXProject "Ink Xsos" */;
			compatibilityVersion = "Xcode 3.2";
			developmentRegion = English;
			hasScannedForEncodings = 0;
			knownRegions = (
				en,
				Base,
			);
			mainGroup = CEB27EA91FA76945004511BD;
			productRefGroup = CEB27EB31FA76945004511BD /* Products */;
			projectDirPath = "";
			projectRoot = "";
			targets = (
				CEB27EB11FA76945004511BD /* Ink Xsos */,
			);
		};
/* End PBXProject section */

/* Begin PBXResourcesBuildPhase section */
		CEB27EB01FA76945004511BD /* Resources */ = {
			isa = PBXResourcesBuildPhase;
			buildActionMask = 2147483647;
			files = (
				CE0024B21FC663820077AB62 /* endSound.wav in Resources */,
				CEB27EC11FA76945004511BD /* Main.storyboard in Resources */,
				CE7236501FBF21B400D65F49 /* DK Flagellum Dei.otf in Resources */,
				CED3D21B1FC712E300F66C0D /* startSound.wav in Resources */,
				CEB27EC31FA76945004511BD /* Assets.xcassets in Resources */,
				CEB27EC61FA76945004511BD /* LaunchScreen.storyboard in Resources */,
			);
			runOnlyForDeploymentPostprocessing = 0;
		};
/* End PBXResourcesBuildPhase section */

/* Begin PBXSourcesBuildPhase section */
		CEB27EAE1FA76945004511BD /* Sources */ = {
			isa = PBXSourcesBuildPhase;
			buildActionMask = 2147483647;
			files = (
				CE6404A91FA895AA00B01022 /* Player.swift in Sources */,
				C507456A1FC1017E00C84B2C /* SKScene+Extensions.swift in Sources */,
				CEB27EBE1FA76945004511BD /* GameViewController.swift in Sources */,
				CEA9B6351FB1EE2400A4E391 /* ClassicScene.swift in Sources */,
				CE6404AB1FA89D5800B01022 /* PaintScreen.swift in Sources */,
				CE02C3561FAC001500CD07F3 /* Button.swift in Sources */,
				CE6404AD1FA8A0E700B01022 /* Xsos.swift in Sources */,
				CEB27EB61FA76945004511BD /* AppDelegate.swift in Sources */,
				C546B0221FBB86A10042978F /* MenuScene.swift in Sources */,
				CE4908021FAAB3F2006D3A59 /* GameScene.swift in Sources */,
				CE6404B01FA8A6B600B01022 /* Classic.swift in Sources */,
			);
			runOnlyForDeploymentPostprocessing = 0;
		};
/* End PBXSourcesBuildPhase section */

/* Begin PBXVariantGroup section */
		CEB27EBF1FA76945004511BD /* Main.storyboard */ = {
			isa = PBXVariantGroup;
			children = (
				CEB27EC01FA76945004511BD /* Base */,
			);
			name = Main.storyboard;
			sourceTree = "<group>";
		};
		CEB27EC41FA76945004511BD /* LaunchScreen.storyboard */ = {
			isa = PBXVariantGroup;
			children = (
				CEB27EC51FA76945004511BD /* Base */,
			);
			name = LaunchScreen.storyboard;
			sourceTree = "<group>";
		};
/* End PBXVariantGroup section */

/* Begin XCBuildConfiguration section */
		CEB27EC81FA76945004511BD /* Debug */ = {
			isa = XCBuildConfiguration;
			buildSettings = {
				ALWAYS_SEARCH_USER_PATHS = NO;
				CLANG_ANALYZER_NONNULL = YES;
				CLANG_ANALYZER_NUMBER_OBJECT_CONVERSION = YES_AGGRESSIVE;
				CLANG_CXX_LANGUAGE_STANDARD = "gnu++0x";
				CLANG_CXX_LIBRARY = "libc++";
				CLANG_ENABLE_MODULES = YES;
				CLANG_ENABLE_OBJC_ARC = YES;
				CLANG_WARN_BLOCK_CAPTURE_AUTORELEASING = YES;
				CLANG_WARN_BOOL_CONVERSION = YES;
				CLANG_WARN_COMMA = YES;
				CLANG_WARN_CONSTANT_CONVERSION = YES;
				CLANG_WARN_DIRECT_OBJC_ISA_USAGE = YES_ERROR;
				CLANG_WARN_DOCUMENTATION_COMMENTS = YES;
				CLANG_WARN_EMPTY_BODY = YES;
				CLANG_WARN_ENUM_CONVERSION = YES;
				CLANG_WARN_INFINITE_RECURSION = YES;
				CLANG_WARN_INT_CONVERSION = YES;
				CLANG_WARN_NON_LITERAL_NULL_CONVERSION = YES;
				CLANG_WARN_OBJC_LITERAL_CONVERSION = YES;
				CLANG_WARN_OBJC_ROOT_CLASS = YES_ERROR;
				CLANG_WARN_RANGE_LOOP_ANALYSIS = YES;
				CLANG_WARN_STRICT_PROTOTYPES = YES;
				CLANG_WARN_SUSPICIOUS_MOVE = YES;
				CLANG_WARN_UNREACHABLE_CODE = YES;
				CLANG_WARN__DUPLICATE_METHOD_MATCH = YES;
				"CODE_SIGN_IDENTITY[sdk=iphoneos*]" = "iPhone Developer";
				COPY_PHASE_STRIP = NO;
				DEBUG_INFORMATION_FORMAT = dwarf;
				ENABLE_STRICT_OBJC_MSGSEND = YES;
				ENABLE_TESTABILITY = YES;
				GCC_C_LANGUAGE_STANDARD = gnu99;
				GCC_DYNAMIC_NO_PIC = NO;
				GCC_NO_COMMON_BLOCKS = YES;
				GCC_OPTIMIZATION_LEVEL = 0;
				GCC_PREPROCESSOR_DEFINITIONS = (
					"DEBUG=1",
					"$(inherited)",
				);
				GCC_WARN_64_TO_32_BIT_CONVERSION = YES;
				GCC_WARN_ABOUT_RETURN_TYPE = YES_ERROR;
				GCC_WARN_UNDECLARED_SELECTOR = YES;
				GCC_WARN_UNINITIALIZED_AUTOS = YES_AGGRESSIVE;
				GCC_WARN_UNUSED_FUNCTION = YES;
				GCC_WARN_UNUSED_VARIABLE = YES;
				IPHONEOS_DEPLOYMENT_TARGET = 10.3;
				MTL_ENABLE_DEBUG_INFO = YES;
				ONLY_ACTIVE_ARCH = YES;
				SDKROOT = iphoneos;
				SWIFT_ACTIVE_COMPILATION_CONDITIONS = DEBUG;
				SWIFT_OPTIMIZATION_LEVEL = "-Onone";
			};
			name = Debug;
		};
		CEB27EC91FA76945004511BD /* Release */ = {
			isa = XCBuildConfiguration;
			buildSettings = {
				ALWAYS_SEARCH_USER_PATHS = NO;
				CLANG_ANALYZER_NONNULL = YES;
				CLANG_ANALYZER_NUMBER_OBJECT_CONVERSION = YES_AGGRESSIVE;
				CLANG_CXX_LANGUAGE_STANDARD = "gnu++0x";
				CLANG_CXX_LIBRARY = "libc++";
				CLANG_ENABLE_MODULES = YES;
				CLANG_ENABLE_OBJC_ARC = YES;
				CLANG_WARN_BLOCK_CAPTURE_AUTORELEASING = YES;
				CLANG_WARN_BOOL_CONVERSION = YES;
				CLANG_WARN_COMMA = YES;
				CLANG_WARN_CONSTANT_CONVERSION = YES;
				CLANG_WARN_DIRECT_OBJC_ISA_USAGE = YES_ERROR;
				CLANG_WARN_DOCUMENTATION_COMMENTS = YES;
				CLANG_WARN_EMPTY_BODY = YES;
				CLANG_WARN_ENUM_CONVERSION = YES;
				CLANG_WARN_INFINITE_RECURSION = YES;
				CLANG_WARN_INT_CONVERSION = YES;
				CLANG_WARN_NON_LITERAL_NULL_CONVERSION = YES;
				CLANG_WARN_OBJC_LITERAL_CONVERSION = YES;
				CLANG_WARN_OBJC_ROOT_CLASS = YES_ERROR;
				CLANG_WARN_RANGE_LOOP_ANALYSIS = YES;
				CLANG_WARN_STRICT_PROTOTYPES = YES;
				CLANG_WARN_SUSPICIOUS_MOVE = YES;
				CLANG_WARN_UNREACHABLE_CODE = YES;
				CLANG_WARN__DUPLICATE_METHOD_MATCH = YES;
				"CODE_SIGN_IDENTITY[sdk=iphoneos*]" = "iPhone Developer";
				COPY_PHASE_STRIP = NO;
				DEBUG_INFORMATION_FORMAT = "dwarf-with-dsym";
				ENABLE_NS_ASSERTIONS = NO;
				ENABLE_STRICT_OBJC_MSGSEND = YES;
				GCC_C_LANGUAGE_STANDARD = gnu99;
				GCC_NO_COMMON_BLOCKS = YES;
				GCC_WARN_64_TO_32_BIT_CONVERSION = YES;
				GCC_WARN_ABOUT_RETURN_TYPE = YES_ERROR;
				GCC_WARN_UNDECLARED_SELECTOR = YES;
				GCC_WARN_UNINITIALIZED_AUTOS = YES_AGGRESSIVE;
				GCC_WARN_UNUSED_FUNCTION = YES;
				GCC_WARN_UNUSED_VARIABLE = YES;
				IPHONEOS_DEPLOYMENT_TARGET = 10.3;
				MTL_ENABLE_DEBUG_INFO = NO;
				SDKROOT = iphoneos;
				SWIFT_OPTIMIZATION_LEVEL = "-Owholemodule";
				VALIDATE_PRODUCT = YES;
			};
			name = Release;
		};
		CEB27ECB1FA76945004511BD /* Debug */ = {
			isa = XCBuildConfiguration;
			buildSettings = {
				ASSETCATALOG_COMPILER_APPICON_NAME = AppIcon;
				DEVELOPMENT_TEAM = XR5ZL635QC;
				INFOPLIST_FILE = "Ink Xsos/Info.plist";
				IPHONEOS_DEPLOYMENT_TARGET = 10.3;
				LD_RUNPATH_SEARCH_PATHS = "$(inherited) @executable_path/Frameworks";
				PRODUCT_BUNDLE_IDENTIFIER = "Edvaldo-Junior.Ink-Xsos";
				PRODUCT_NAME = "$(TARGET_NAME)";
				SWIFT_SWIFT3_OBJC_INFERENCE = On;
				SWIFT_VERSION = 4.0;
			};
			name = Debug;
		};
		CEB27ECC1FA76945004511BD /* Release */ = {
			isa = XCBuildConfiguration;
			buildSettings = {
				ASSETCATALOG_COMPILER_APPICON_NAME = AppIcon;
				DEVELOPMENT_TEAM = XR5ZL635QC;
				INFOPLIST_FILE = "Ink Xsos/Info.plist";
				IPHONEOS_DEPLOYMENT_TARGET = 10.3;
				LD_RUNPATH_SEARCH_PATHS = "$(inherited) @executable_path/Frameworks";
				PRODUCT_BUNDLE_IDENTIFIER = "Edvaldo-Junior.Ink-Xsos";
				PRODUCT_NAME = "$(TARGET_NAME)";
				SWIFT_SWIFT3_OBJC_INFERENCE = On;
				SWIFT_VERSION = 4.0;
			};
			name = Release;
		};
/* End XCBuildConfiguration section */

/* Begin XCConfigurationList section */
		CEB27EAD1FA76945004511BD /* Build configuration list for PBXProject "Ink Xsos" */ = {
			isa = XCConfigurationList;
			buildConfigurations = (
				CEB27EC81FA76945004511BD /* Debug */,
				CEB27EC91FA76945004511BD /* Release */,
			);
			defaultConfigurationIsVisible = 0;
			defaultConfigurationName = Release;
		};
		CEB27ECA1FA76945004511BD /* Build configuration list for PBXNativeTarget "Ink Xsos" */ = {
			isa = XCConfigurationList;
			buildConfigurations = (
				CEB27ECB1FA76945004511BD /* Debug */,
				CEB27ECC1FA76945004511BD /* Release */,
			);
			defaultConfigurationIsVisible = 0;
			defaultConfigurationName = Release;
		};
/* End XCConfigurationList section */
	};
	rootObject = CEB27EAA1FA76945004511BD /* Project object */;
}
